github.com/cespare/mph v0.0.0-20180814222818-ecff71bf0208 h1:aFTgPrrDbvPnMR2jzlTojtOKL1uWy1I87kaVcJfgCOk=
github.com/cespare/mph v0.0.0-20180814222818-ecff71bf0208/go.mod h1:bY9whUE6zsIiluTt3rFJDiQC6bton95U7srG1Uhva/A=
github.com/dgryski/go-metro v0.0.0-20180109044635-280f6062b5bc h1:8WFBn63wegobsYAX0YjD+8suexZDga5CctH4CCTx2+8=
github.com/dgryski/go-metro v0.0.0-20180109044635-280f6062b5bc/go.mod h1:c9O8+fpSOX1DM8cPNSkX/qsBWdkD4yd2dpciOWQjpBw=
github.com/dgryski/go-mph v0.0.0-20191204212658-d9f21d2b3624 h1:UDNZ9Bv4BCfC2UgvtGWzzFUuDJ8YrJiHL9FlR99sGKo=
github.com/dgryski/go-mph v0.0.0-20191204212658-d9f21d2b3624/go.mod h1:sm2LH0eB9hET2mL0iPfQPPhbBBZgIdeJ6vA/6PfjIaQ=
