github.com/alecthomas/mph v0.0.0-20190930022807-712982e3d8a2 h1:3QU1afrYIAZZo5tf7/O7DAOUNn05wlxHZoB9YSXVg08=
github.com/alecthomas/mph v0.0.0-20190930022807-712982e3d8a2/go.mod h1:HX5roj0AK3pjtDnP4HIV4zY4yW56odJ0LEwgoHL8NLI=
github.com/alecthomas/unsafeslice v0.0.0-20190825002529-d95de1041e15 h1:jxwxFksE7BuJiGPn2NbC3mIl6Ii3u3B5hRfCAE5Ljq8=
github.com/alecthomas/unsafeslice v0.0.0-20190825002529-d95de1041e15/go.mod h1:H7s9N0gAbfiwu02rQEexZbN/YMxm+2l3rVRa/zE2DM8=
github.com/cespare/mph v0.0.0-20180814222818-ecff71bf0208 h1:aFTgPrrDbvPnMR2jzlTojtOKL1uWy1I87kaVcJfgCOk=
github.com/cespare/mph v0.0.0-20180814222818-ecff71bf0208/go.mod h1:bY9whUE6zsIiluTt3rFJDiQC6bton95U7srG1Uhva/A=
github.com/davecgh/go-spew v1.1.0/go.mod h1:J7Y8YcW2NihsgmVo/mv3lAwl/skON4iLHjSsI+c5H38=
github.com/dgryski/go-metro v0.0.0-20180109044635-280f6062b5bc h1:8WFBn63wegobsYAX0YjD+8suexZDga5CctH4CCTx2+8=
github.com/dgryski/go-metro v0.0.0-20180109044635-280f6062b5bc/go.mod h1:c9O8+fpSOX1DM8cPNSkX/qsBWdkD4yd2dpciOWQjpBw=
github.com/dgryski/go-mph v0.0.0-20191204212658-d9f21d2b3624 h1:UDNZ9Bv4BCfC2UgvtGWzzFUuDJ8YrJiHL9FlR99sGKo=
github.com/dgryski/go-mph v0.0.0-20191204212658-d9f21d2b3624/go.mod h1:sm2LH0eB9hET2mL0iPfQPPhbBBZgIdeJ6vA/6PfjIaQ=
github.com/pmezard/go-difflib v1.0.0/go.mod h1:iKH77koFhYxTK1pcRnkKkqfTogsbg7gZNVY4sRDYZ/4=
github.com/stretchr/objx v0.1.0/go.mod h1:HFkY916IF+rwdDfMAkV7OtwuqBVzrE8GR6GFx+wExME=
github.com/stretchr/testify v1.4.0/go.mod h1:j7eGeouHqKxXV5pUuKE4zz7dFj8WfuZ+81PSLYec5m4=
gopkg.in/check.v1 v0.0.0-20161208181325-20d25e280405/go.mod h1:Co6ibVJAznAaIkqp8huTwlJQCZ016jof/cbN4VW5Yz0=
gopkg.in/yaml.v2 v2.2.2/go.mod h1:hI93XBmqTisBFMUTm0b8Fm+jr3Dg1NNxqwp+5A1VGuI=
